// !$*UTF8*$!
{
	archiveVersion = 1;
	classes = {
	};
	objectVersion = 50;
	objects = {

/* Begin PBXBuildFile section */
		F1443ABB21C7745A007FBD51 /* AppDelegate.m in Sources */ = {isa = PBXBuildFile; fileRef = F1443ABA21C7745A007FBD51 /* AppDelegate.m */; };
		F1443ABE21C7745A007FBD51 /* ViewController.m in Sources */ = {isa = PBXBuildFile; fileRef = F1443ABD21C7745A007FBD51 /* ViewController.m */; };
		F1443AC121C7745A007FBD51 /* Main.storyboard in Resources */ = {isa = PBXBuildFile; fileRef = F1443ABF21C7745A007FBD51 /* Main.storyboard */; };
		F1443AC321C7745C007FBD51 /* Assets.xcassets in Resources */ = {isa = PBXBuildFile; fileRef = F1443AC221C7745C007FBD51 /* Assets.xcassets */; };
		F1443AC621C7745C007FBD51 /* LaunchScreen.storyboard in Resources */ = {isa = PBXBuildFile; fileRef = F1443AC421C7745C007FBD51 /* LaunchScreen.storyboard */; };
		F1443AC921C7745C007FBD51 /* main.m in Sources */ = {isa = PBXBuildFile; fileRef = F1443AC821C7745C007FBD51 /* main.m */; };
		F1443AD321C7745C007FBD51 /* XBCondLoopTests.m in Sources */ = {isa = PBXBuildFile; fileRef = F1443AD221C7745C007FBD51 /* XBCondLoopTests.m */; };
		F1443ADE21C7745C007FBD51 /* XBCondLoopUITests.m in Sources */ = {isa = PBXBuildFile; fileRef = F1443ADD21C7745C007FBD51 /* XBCondLoopUITests.m */; };
		F1443AEE21C7748D007FBD51 /* XBCondLoop.m in Sources */ = {isa = PBXBuildFile; fileRef = F1443AED21C7748D007FBD51 /* XBCondLoop.m */; };
/* End PBXBuildFile section */

/* Begin PBXContainerItemProxy section */
		F1443ACF21C7745C007FBD51 /* PBXContainerItemProxy */ = {
			isa = PBXContainerItemProxy;
			containerPortal = F1443AAE21C7745A007FBD51 /* Project object */;
			proxyType = 1;
			remoteGlobalIDString = F1443AB521C7745A007FBD51;
			remoteInfo = XBCondLoop;
		};
		F1443ADA21C7745C007FBD51 /* PBXContainerItemProxy */ = {
			isa = PBXContainerItemProxy;
			containerPortal = F1443AAE21C7745A007FBD51 /* Project object */;
			proxyType = 1;
			remoteGlobalIDString = F1443AB521C7745A007FBD51;
			remoteInfo = XBCondLoop;
		};
/* End PBXContainerItemProxy section */

/* Begin PBXFileReference section */
		F1443AB621C7745A007FBD51 /* XBCondLoop.app */ = {isa = PBXFileReference; explicitFileType = wrapper.application; includeInIndex = 0; path = XBCondLoop.app; sourceTree = BUILT_PRODUCTS_DIR; };
		F1443AB921C7745A007FBD51 /* AppDelegate.h */ = {isa = PBXFileReference; lastKnownFileType = sourcecode.c.h; path = AppDelegate.h; sourceTree = "<group>"; };
		F1443ABA21C7745A007FBD51 /* AppDelegate.m */ = {isa = PBXFileReference; lastKnownFileType = sourcecode.c.objc; path = AppDelegate.m; sourceTree = "<group>"; };
		F1443ABC21C7745A007FBD51 /* ViewController.h */ = {isa = PBXFileReference; lastKnownFileType = sourcecode.c.h; path = ViewController.h; sourceTree = "<group>"; };
		F1443ABD21C7745A007FBD51 /* ViewController.m */ = {isa = PBXFileReference; lastKnownFileType = sourcecode.c.objc; path = ViewController.m; sourceTree = "<group>"; };
		F1443AC021C7745A007FBD51 /* Base */ = {isa = PBXFileReference; lastKnownFileType = file.storyboard; name = Base; path = Base.lproj/Main.storyboard; sourceTree = "<group>"; };
		F1443AC221C7745C007FBD51 /* Assets.xcassets */ = {isa = PBXFileReference; lastKnownFileType = folder.assetcatalog; path = Assets.xcassets; sourceTree = "<group>"; };
		F1443AC521C7745C007FBD51 /* Base */ = {isa = PBXFileReference; lastKnownFileType = file.storyboard; name = Base; path = Base.lproj/LaunchScreen.storyboard; sourceTree = "<group>"; };
		F1443AC721C7745C007FBD51 /* Info.plist */ = {isa = PBXFileReference; lastKnownFileType = text.plist.xml; path = Info.plist; sourceTree = "<group>"; };
		F1443AC821C7745C007FBD51 /* main.m */ = {isa = PBXFileReference; lastKnownFileType = sourcecode.c.objc; path = main.m; sourceTree = "<group>"; };
		F1443ACE21C7745C007FBD51 /* XBCondLoopTests.xctest */ = {isa = PBXFileReference; explicitFileType = wrapper.cfbundle; includeInIndex = 0; path = XBCondLoopTests.xctest; sourceTree = BUILT_PRODUCTS_DIR; };
		F1443AD221C7745C007FBD51 /* XBCondLoopTests.m */ = {isa = PBXFileReference; lastKnownFileType = sourcecode.c.objc; path = XBCondLoopTests.m; sourceTree = "<group>"; };
		F1443AD421C7745C007FBD51 /* Info.plist */ = {isa = PBXFileReference; lastKnownFileType = text.plist.xml; path = Info.plist; sourceTree = "<group>"; };
		F1443AD921C7745C007FBD51 /* XBCondLoopUITests.xctest */ = {isa = PBXFileReference; explicitFileType = wrapper.cfbundle; includeInIndex = 0; path = XBCondLoopUITests.xctest; sourceTree = BUILT_PRODUCTS_DIR; };
		F1443ADD21C7745C007FBD51 /* XBCondLoopUITests.m */ = {isa = PBXFileReference; lastKnownFileType = sourcecode.c.objc; path = XBCondLoopUITests.m; sourceTree = "<group>"; };
		F1443ADF21C7745C007FBD51 /* Info.plist */ = {isa = PBXFileReference; lastKnownFileType = text.plist.xml; path = Info.plist; sourceTree = "<group>"; };
		F1443AEC21C7748D007FBD51 /* XBCondLoop.h */ = {isa = PBXFileReference; fileEncoding = 4; lastKnownFileType = sourcecode.c.h; path = XBCondLoop.h; sourceTree = "<group>"; };
		F1443AED21C7748D007FBD51 /* XBCondLoop.m */ = {isa = PBXFileReference; fileEncoding = 4; lastKnownFileType = sourcecode.c.objc; path = XBCondLoop.m; sourceTree = "<group>"; };
/* End PBXFileReference section */

/* Begin PBXFrameworksBuildPhase section */
		F1443AB321C7745A007FBD51 /* Frameworks */ = {
			isa = PBXFrameworksBuildPhase;
			buildActionMask = 2147483647;
			files = (
			);
			runOnlyForDeploymentPostprocessing = 0;
		};
		F1443ACB21C7745C007FBD51 /* Frameworks */ = {
			isa = PBXFrameworksBuildPhase;
			buildActionMask = 2147483647;
			files = (
			);
			runOnlyForDeploymentPostprocessing = 0;
		};
		F1443AD621C7745C007FBD51 /* Frameworks */ = {
			isa = PBXFrameworksBuildPhase;
			buildActionMask = 2147483647;
			files = (
			);
			runOnlyForDeploymentPostprocessing = 0;
		};
/* End PBXFrameworksBuildPhase section */

/* Begin PBXGroup section */
		F1443AAD21C7745A007FBD51 = {
			isa = PBXGroup;
			children = (
				F1443AB821C7745A007FBD51 /* XBCondLoop */,
				F1443AD121C7745C007FBD51 /* XBCondLoopTests */,
				F1443ADC21C7745C007FBD51 /* XBCondLoopUITests */,
				F1443AB721C7745A007FBD51 /* Products */,
			);
			sourceTree = "<group>";
		};
		F1443AB721C7745A007FBD51 /* Products */ = {
			isa = PBXGroup;
			children = (
				F1443AB621C7745A007FBD51 /* XBCondLoop.app */,
				F1443ACE21C7745C007FBD51 /* XBCondLoopTests.xctest */,
				F1443AD921C7745C007FBD51 /* XBCondLoopUITests.xctest */,
			);
			name = Products;
			sourceTree = "<group>";
		};
		F1443AB821C7745A007FBD51 /* XBCondLoop */ = {
			isa = PBXGroup;
			children = (
				F1443AEB21C7748D007FBD51 /* XBCondLoop */,
				F1443AB921C7745A007FBD51 /* AppDelegate.h */,
				F1443ABA21C7745A007FBD51 /* AppDelegate.m */,
				F1443ABC21C7745A007FBD51 /* ViewController.h */,
				F1443ABD21C7745A007FBD51 /* ViewController.m */,
				F1443ABF21C7745A007FBD51 /* Main.storyboard */,
				F1443AC221C7745C007FBD51 /* Assets.xcassets */,
				F1443AC421C7745C007FBD51 /* LaunchScreen.storyboard */,
				F1443AC721C7745C007FBD51 /* Info.plist */,
				F1443AC821C7745C007FBD51 /* main.m */,
			);
			path = XBCondLoop;
			sourceTree = "<group>";
		};
		F1443AD121C7745C007FBD51 /* XBCondLoopTests */ = {
			isa = PBXGroup;
			children = (
				F1443AD221C7745C007FBD51 /* XBCondLoopTests.m */,
				F1443AD421C7745C007FBD51 /* Info.plist */,
			);
			path = XBCondLoopTests;
			sourceTree = "<group>";
		};
		F1443ADC21C7745C007FBD51 /* XBCondLoopUITests */ = {
			isa = PBXGroup;
			children = (
				F1443ADD21C7745C007FBD51 /* XBCondLoopUITests.m */,
				F1443ADF21C7745C007FBD51 /* Info.plist */,
			);
			path = XBCondLoopUITests;
			sourceTree = "<group>";
		};
		F1443AEB21C7748D007FBD51 /* XBCondLoop */ = {
			isa = PBXGroup;
			children = (
				F1443AEC21C7748D007FBD51 /* XBCondLoop.h */,
				F1443AED21C7748D007FBD51 /* XBCondLoop.m */,
			);
			path = XBCondLoop;
			sourceTree = "<group>";
		};
/* End PBXGroup section */

/* Begin PBXNativeTarget section */
		F1443AB521C7745A007FBD51 /* XBCondLoop */ = {
			isa = PBXNativeTarget;
			buildConfigurationList = F1443AE221C7745C007FBD51 /* Build configuration list for PBXNativeTarget "XBCondLoop" */;
			buildPhases = (
				F1443AB221C7745A007FBD51 /* Sources */,
				F1443AB321C7745A007FBD51 /* Frameworks */,
				F1443AB421C7745A007FBD51 /* Resources */,
			);
			buildRules = (
			);
			dependencies = (
			);
			name = XBCondLoop;
			productName = XBCondLoop;
			productReference = F1443AB621C7745A007FBD51 /* XBCondLoop.app */;
			productType = "com.apple.product-type.application";
		};
		F1443ACD21C7745C007FBD51 /* XBCondLoopTests */ = {
			isa = PBXNativeTarget;
			buildConfigurationList = F1443AE521C7745C007FBD51 /* Build configuration list for PBXNativeTarget "XBCondLoopTests" */;
			buildPhases = (
				F1443ACA21C7745C007FBD51 /* Sources */,
				F1443ACB21C7745C007FBD51 /* Frameworks */,
				F1443ACC21C7745C007FBD51 /* Resources */,
			);
			buildRules = (
			);
			dependencies = (
				F1443AD021C7745C007FBD51 /* PBXTargetDependency */,
			);
			name = XBCondLoopTests;
			productName = XBCondLoopTests;
			productReference = F1443ACE21C7745C007FBD51 /* XBCondLoopTests.xctest */;
			productType = "com.apple.product-type.bundle.unit-test";
		};
		F1443AD821C7745C007FBD51 /* XBCondLoopUITests */ = {
			isa = PBXNativeTarget;
			buildConfigurationList = F1443AE821C7745C007FBD51 /* Build configuration list for PBXNativeTarget "XBCondLoopUITests" */;
			buildPhases = (
				F1443AD521C7745C007FBD51 /* Sources */,
				F1443AD621C7745C007FBD51 /* Frameworks */,
				F1443AD721C7745C007FBD51 /* Resources */,
			);
			buildRules = (
			);
			dependencies = (
				F1443ADB21C7745C007FBD51 /* PBXTargetDependency */,
			);
			name = XBCondLoopUITests;
			productName = XBCondLoopUITests;
			productReference = F1443AD921C7745C007FBD51 /* XBCondLoopUITests.xctest */;
			productType = "com.apple.product-type.bundle.ui-testing";
		};
/* End PBXNativeTarget section */

/* Begin PBXProject section */
		F1443AAE21C7745A007FBD51 /* Project object */ = {
			isa = PBXProject;
			attributes = {
				LastUpgradeCheck = 1000;
				ORGANIZATIONNAME = xxb;
				TargetAttributes = {
					F1443AB521C7745A007FBD51 = {
						CreatedOnToolsVersion = 10.0;
					};
					F1443ACD21C7745C007FBD51 = {
						CreatedOnToolsVersion = 10.0;
						TestTargetID = F1443AB521C7745A007FBD51;
					};
					F1443AD821C7745C007FBD51 = {
						CreatedOnToolsVersion = 10.0;
						TestTargetID = F1443AB521C7745A007FBD51;
					};
				};
			};
			buildConfigurationList = F1443AB121C7745A007FBD51 /* Build configuration list for PBXProject "XBCondLoop" */;
			compatibilityVersion = "Xcode 9.3";
			developmentRegion = en;
			hasScannedForEncodings = 0;
			knownRegions = (
				en,
				Base,
			);
			mainGroup = F1443AAD21C7745A007FBD51;
			productRefGroup = F1443AB721C7745A007FBD51 /* Products */;
			projectDirPath = "";
			projectRoot = "";
			targets = (
				F1443AB521C7745A007FBD51 /* XBCondLoop */,
				F1443ACD21C7745C007FBD51 /* XBCondLoopTests */,
				F1443AD821C7745C007FBD51 /* XBCondLoopUITests */,
			);
		};
/* End PBXProject section */

/* Begin PBXResourcesBuildPhase section */
		F1443AB421C7745A007FBD51 /* Resources */ = {
			isa = PBXResourcesBuildPhase;
			buildActionMask = 2147483647;
			files = (
				F1443AC621C7745C007FBD51 /* LaunchScreen.storyboard in Resources */,
				F1443AC321C7745C007FBD51 /* Assets.xcassets in Resources */,
				F1443AC121C7745A007FBD51 /* Main.storyboard in Resources */,
			);
			runOnlyForDeploymentPostprocessing = 0;
		};
		F1443ACC21C7745C007FBD51 /* Resources */ = {
			isa = PBXResourcesBuildPhase;
			buildActionMask = 2147483647;
			files = (
			);
			runOnlyForDeploymentPostprocessing = 0;
		};
		F1443AD721C7745C007FBD51 /* Resources */ = {
			isa = PBXResourcesBuildPhase;
			buildActionMask = 2147483647;
			files = (
			);
			runOnlyForDeploymentPostprocessing = 0;
		};
/* End PBXResourcesBuildPhase section */

/* Begin PBXSourcesBuildPhase section */
		F1443AB221C7745A007FBD51 /* Sources */ = {
			isa = PBXSourcesBuildPhase;
			buildActionMask = 2147483647;
			files = (
				F1443ABE21C7745A007FBD51 /* ViewController.m in Sources */,
				F1443AC921C7745C007FBD51 /* main.m in Sources */,
				F1443ABB21C7745A007FBD51 /* AppDelegate.m in Sources */,
				F1443AEE21C7748D007FBD51 /* XBCondLoop.m in Sources */,
			);
			runOnlyForDeploymentPostprocessing = 0;
		};
		F1443ACA21C7745C007FBD51 /* Sources */ = {
			isa = PBXSourcesBuildPhase;
			buildActionMask = 2147483647;
			files = (
				F1443AD321C7745C007FBD51 /* XBCondLoopTests.m in Sources */,
			);
			runOnlyForDeploymentPostprocessing = 0;
		};
		F1443AD521C7745C007FBD51 /* Sources */ = {
			isa = PBXSourcesBuildPhase;
			buildActionMask = 2147483647;
			files = (
				F1443ADE21C7745C007FBD51 /* XBCondLoopUITests.m in Sources */,
			);
			runOnlyForDeploymentPostprocessing = 0;
		};
/* End PBXSourcesBuildPhase section */

/* Begin PBXTargetDependency section */
		F1443AD021C7745C007FBD51 /* PBXTargetDependency */ = {
			isa = PBXTargetDependency;
			target = F1443AB521C7745A007FBD51 /* XBCondLoop */;
			targetProxy = F1443ACF21C7745C007FBD51 /* PBXContainerItemProxy */;
		};
		F1443ADB21C7745C007FBD51 /* PBXTargetDependency */ = {
			isa = PBXTargetDependency;
			target = F1443AB521C7745A007FBD51 /* XBCondLoop */;
			targetProxy = F1443ADA21C7745C007FBD51 /* PBXContainerItemProxy */;
		};
/* End PBXTargetDependency section */

/* Begin PBXVariantGroup section */
		F1443ABF21C7745A007FBD51 /* Main.storyboard */ = {
			isa = PBXVariantGroup;
			children = (
				F1443AC021C7745A007FBD51 /* Base */,
			);
			name = Main.storyboard;
			sourceTree = "<group>";
		};
		F1443AC421C7745C007FBD51 /* LaunchScreen.storyboard */ = {
			isa = PBXVariantGroup;
			children = (
				F1443AC521C7745C007FBD51 /* Base */,
			);
			name = LaunchScreen.storyboard;
			sourceTree = "<group>";
		};
/* End PBXVariantGroup section */

/* Begin XCBuildConfiguration section */
		F1443AE021C7745C007FBD51 /* Debug */ = {
			isa = XCBuildConfiguration;
			buildSettings = {
				ALWAYS_SEARCH_USER_PATHS = NO;
				CLANG_ANALYZER_NONNULL = YES;
				CLANG_ANALYZER_NUMBER_OBJECT_CONVERSION = YES_AGGRESSIVE;
				CLANG_CXX_LANGUAGE_STANDARD = "gnu++14";
				CLANG_CXX_LIBRARY = "libc++";
				CLANG_ENABLE_MODULES = YES;
				CLANG_ENABLE_OBJC_ARC = YES;
				CLANG_ENABLE_OBJC_WEAK = YES;
				CLANG_WARN_BLOCK_CAPTURE_AUTORELEASING = YES;
				CLANG_WARN_BOOL_CONVERSION = YES;
				CLANG_WARN_COMMA = YES;
				CLANG_WARN_CONSTANT_CONVERSION = YES;
				CLANG_WARN_DEPRECATED_OBJC_IMPLEMENTATIONS = YES;
				CLANG_WARN_DIRECT_OBJC_ISA_USAGE = YES_ERROR;
				CLANG_WARN_DOCUMENTATION_COMMENTS = YES;
				CLANG_WARN_EMPTY_BODY = YES;
				CLANG_WARN_ENUM_CONVERSION = YES;
				CLANG_WARN_INFINITE_RECURSION = YES;
				CLANG_WARN_INT_CONVERSION = YES;
				CLANG_WARN_NON_LITERAL_NULL_CONVERSION = YES;
				CLANG_WARN_OBJC_IMPLICIT_RETAIN_SELF = YES;
				CLANG_WARN_OBJC_LITERAL_CONVERSION = YES;
				CLANG_WARN_OBJC_ROOT_CLASS = YES_ERROR;
				CLANG_WARN_RANGE_LOOP_ANALYSIS = YES;
				CLANG_WARN_STRICT_PROTOTYPES = YES;
				CLANG_WARN_SUSPICIOUS_MOVE = YES;
				CLANG_WARN_UNGUARDED_AVAILABILITY = YES_AGGRESSIVE;
				CLANG_WARN_UNREACHABLE_CODE = YES;
				CLANG_WARN__DUPLICATE_METHOD_MATCH = YES;
				CODE_SIGN_IDENTITY = "iPhone Developer";
				COPY_PHASE_STRIP = NO;
				DEBUG_INFORMATION_FORMAT = dwarf;
				ENABLE_STRICT_OBJC_MSGSEND = YES;
				ENABLE_TESTABILITY = YES;
				GCC_C_LANGUAGE_STANDARD = gnu11;
				GCC_DYNAMIC_NO_PIC = NO;
				GCC_NO_COMMON_BLOCKS = YES;
				GCC_OPTIMIZATION_LEVEL = 0;
				GCC_PREPROCESSOR_DEFINITIONS = (
					"DEBUG=1",
					"$(inherited)",
				);
				GCC_WARN_64_TO_32_BIT_CONVERSION = YES;
				GCC_WARN_ABOUT_RETURN_TYPE = YES_ERROR;
				GCC_WARN_UNDECLARED_SELECTOR = YES;
				GCC_WARN_UNINITIALIZED_AUTOS = YES_AGGRESSIVE;
				GCC_WARN_UNUSED_FUNCTION = YES;
				GCC_WARN_UNUSED_VARIABLE = YES;
				IPHONEOS_DEPLOYMENT_TARGET = 12.0;
				MTL_ENABLE_DEBUG_INFO = INCLUDE_SOURCE;
				MTL_FAST_MATH = YES;
				ONLY_ACTIVE_ARCH = YES;
				SDKROOT = iphoneos;
			};
			name = Debug;
		};
		F1443AE121C7745C007FBD51 /* Release */ = {
			isa = XCBuildConfiguration;
			buildSettings = {
				ALWAYS_SEARCH_USER_PATHS = NO;
				CLANG_ANALYZER_NONNULL = YES;
				CLANG_ANALYZER_NUMBER_OBJECT_CONVERSION = YES_AGGRESSIVE;
				CLANG_CXX_LANGUAGE_STANDARD = "gnu++14";
				CLANG_CXX_LIBRARY = "libc++";
				CLANG_ENABLE_MODULES = YES;
				CLANG_ENABLE_OBJC_ARC = YES;
				CLANG_ENABLE_OBJC_WEAK = YES;
				CLANG_WARN_BLOCK_CAPTURE_AUTORELEASING = YES;
				CLANG_WARN_BOOL_CONVERSION = YES;
				CLANG_WARN_COMMA = YES;
				CLANG_WARN_CONSTANT_CONVERSION = YES;
				CLANG_WARN_DEPRECATED_OBJC_IMPLEMENTATIONS = YES;
				CLANG_WARN_DIRECT_OBJC_ISA_USAGE = YES_ERROR;
				CLANG_WARN_DOCUMENTATION_COMMENTS = YES;
				CLANG_WARN_EMPTY_BODY = YES;
				CLANG_WARN_ENUM_CONVERSION = YES;
				CLANG_WARN_INFINITE_RECURSION = YES;
				CLANG_WARN_INT_CONVERSION = YES;
				CLANG_WARN_NON_LITERAL_NULL_CONVERSION = YES;
				CLANG_WARN_OBJC_IMPLICIT_RETAIN_SELF = YES;
				CLANG_WARN_OBJC_LITERAL_CONVERSION = YES;
				CLANG_WARN_OBJC_ROOT_CLASS = YES_ERROR;
				CLANG_WARN_RANGE_LOOP_ANALYSIS = YES;
				CLANG_WARN_STRICT_PROTOTYPES = YES;
				CLANG_WARN_SUSPICIOUS_MOVE = YES;
				CLANG_WARN_UNGUARDED_AVAILABILITY = YES_AGGRESSIVE;
				CLANG_WARN_UNREACHABLE_CODE = YES;
				CLANG_WARN__DUPLICATE_METHOD_MATCH = YES;
				CODE_SIGN_IDENTITY = "iPhone Developer";
				COPY_PHASE_STRIP = NO;
				DEBUG_INFORMATION_FORMAT = "dwarf-with-dsym";
				ENABLE_NS_ASSERTIONS = NO;
				ENABLE_STRICT_OBJC_MSGSEND = YES;
				GCC_C_LANGUAGE_STANDARD = gnu11;
				GCC_NO_COMMON_BLOCKS = YES;
				GCC_WARN_64_TO_32_BIT_CONVERSION = YES;
				GCC_WARN_ABOUT_RETURN_TYPE = YES_ERROR;
				GCC_WARN_UNDECLARED_SELECTOR = YES;
				GCC_WARN_UNINITIALIZED_AUTOS = YES_AGGRESSIVE;
				GCC_WARN_UNUSED_FUNCTION = YES;
				GCC_WARN_UNUSED_VARIABLE = YES;
				IPHONEOS_DEPLOYMENT_TARGET = 12.0;
				MTL_ENABLE_DEBUG_INFO = NO;
				MTL_FAST_MATH = YES;
				SDKROOT = iphoneos;
				VALIDATE_PRODUCT = YES;
			};
			name = Release;
		};
		F1443AE321C7745C007FBD51 /* Debug */ = {
			isa = XCBuildConfiguration;
			buildSettings = {
				ASSETCATALOG_COMPILER_APPICON_NAME = AppIcon;
				CODE_SIGN_STYLE = Automatic;
				DEVELOPMENT_TEAM = RC2BP8QGY9;
				INFOPLIST_FILE = XBCondLoop/Info.plist;
				LD_RUNPATH_SEARCH_PATHS = (
					"$(inherited)",
					"@executable_path/Frameworks",
				);
				PRODUCT_BUNDLE_IDENTIFIER = com.xxb.study;
				PRODUCT_NAME = "$(TARGET_NAME)";
				TARGETED_DEVICE_FAMILY = "1,2";
			};
			name = Debug;
		};
		F1443AE421C7745C007FBD51 /* Release */ = {
			isa = XCBuildConfiguration;
			buildSettings = {
				ASSETCATALOG_COMPILER_APPICON_NAME = AppIcon;
				CODE_SIGN_STYLE = Automatic;
				DEVELOPMENT_TEAM = RC2BP8QGY9;
				INFOPLIST_FILE = XBCondLoop/Info.plist;
				LD_RUNPATH_SEARCH_PATHS = (
					"$(inherited)",
					"@executable_path/Frameworks",
				);
				PRODUCT_BUNDLE_IDENTIFIER = com.xxb.study;
				PRODUCT_NAME = "$(TARGET_NAME)";
				TARGETED_DEVICE_FAMILY = "1,2";
			};
			name = Release;
		};
		F1443AE621C7745C007FBD51 /* Debug */ = {
			isa = XCBuildConfiguration;
			buildSettings = {
				BUNDLE_LOADER = "$(TEST_HOST)";
				CODE_SIGN_STYLE = Automatic;
				INFOPLIST_FILE = XBCondLoopTests/Info.plist;
				LD_RUNPATH_SEARCH_PATHS = (
					"$(inherited)",
					"@executable_path/Frameworks",
					"@loader_path/Frameworks",
				);
				PRODUCT_BUNDLE_IDENTIFIER = XBAnimation.XBCondLoopTests;
				PRODUCT_NAME = "$(TARGET_NAME)";
				TARGETED_DEVICE_FAMILY = "1,2";
				TEST_HOST = "$(BUILT_PRODUCTS_DIR)/XBCondLoop.app/XBCondLoop";
			};
			name = Debug;
		};
		F1443AE721C7745C007FBD51 /* Release */ = {
			isa = XCBuildConfiguration;
			buildSettings = {
				BUNDLE_LOADER = "$(TEST_HOST)";
				CODE_SIGN_STYLE = Automatic;
				INFOPLIST_FILE = XBCondLoopTests/Info.plist;
				LD_RUNPATH_SEARCH_PATHS = (
					"$(inherited)",
					"@executable_path/Frameworks",
					"@loader_path/Frameworks",
				);
				PRODUCT_BUNDLE_IDENTIFIER = XBAnimation.XBCondLoopTests;
				PRODUCT_NAME = "$(TARGET_NAME)";
				TARGETED_DEVICE_FAMILY = "1,2";
				TEST_HOST = "$(BUILT_PRODUCTS_DIR)/XBCondLoop.app/XBCondLoop";
			};
			name = Release;
		};
		F1443AE921C7745C007FBD51 /* Debug */ = {
			isa = XCBuildConfiguration;
			buildSettings = {
				CODE_SIGN_STYLE = Automatic;
				INFOPLIST_FILE = XBCondLoopUITests/Info.plist;
				LD_RUNPATH_SEARCH_PATHS = (
					"$(inherited)",
					"@executable_path/Frameworks",
					"@loader_path/Frameworks",
				);
				PRODUCT_BUNDLE_IDENTIFIER = XBAnimation.XBCondLoopUITests;
				PRODUCT_NAME = "$(TARGET_NAME)";
				TARGETED_DEVICE_FAMILY = "1,2";
				TEST_TARGET_NAME = XBCondLoop;
			};
			name = Debug;
		};
		F1443AEA21C7745C007FBD51 /* Release */ = {
			isa = XCBuildConfiguration;
			buildSettings = {
				CODE_SIGN_STYLE = Automatic;
				INFOPLIST_FILE = XBCondLoopUITests/Info.plist;
				LD_RUNPATH_SEARCH_PATHS = (
					"$(inherited)",
					"@executable_path/Frameworks",
					"@loader_path/Frameworks",
				);
				PRODUCT_BUNDLE_IDENTIFIER = XBAnimation.XBCondLoopUITests;
				PRODUCT_NAME = "$(TARGET_NAME)";
				TARGETED_DEVICE_FAMILY = "1,2";
				TEST_TARGET_NAME = XBCondLoop;
			};
			name = Release;
		};
/* End XCBuildConfiguration section */

/* Begin XCConfigurationList section */
		F1443AB121C7745A007FBD51 /* Build configuration list for PBXProject "XBCondLoop" */ = {
			isa = XCConfigurationList;
			buildConfigurations = (
				F1443AE021C7745C007FBD51 /* Debug */,
				F1443AE121C7745C007FBD51 /* Release */,
			);
			defaultConfigurationIsVisible = 0;
			defaultConfigurationName = Release;
		};
		F1443AE221C7745C007FBD51 /* Build configuration list for PBXNativeTarget "XBCondLoop" */ = {
			isa = XCConfigurationList;
			buildConfigurations = (
				F1443AE321C7745C007FBD51 /* Debug */,
				F1443AE421C7745C007FBD51 /* Release */,
			);
			defaultConfigurationIsVisible = 0;
			defaultConfigurationName = Release;
		};
		F1443AE521C7745C007FBD51 /* Build configuration list for PBXNativeTarget "XBCondLoopTests" */ = {
			isa = XCConfigurationList;
			buildConfigurations = (
				F1443AE621C7745C007FBD51 /* Debug */,
				F1443AE721C7745C007FBD51 /* Release */,
			);
			defaultConfigurationIsVisible = 0;
			defaultConfigurationName = Release;
		};
		F1443AE821C7745C007FBD51 /* Build configuration list for PBXNativeTarget "XBCondLoopUITests" */ = {
			isa = XCConfigurationList;
			buildConfigurations = (
				F1443AE921C7745C007FBD51 /* Debug */,
				F1443AEA21C7745C007FBD51 /* Release */,
			);
			defaultConfigurationIsVisible = 0;
			defaultConfigurationName = Release;
		};
/* End XCConfigurationList section */
	};
	rootObject = F1443AAE21C7745A007FBD51 /* Project object */;
}
